
Microsoft Visual Studio Solution File, Format Version 12.00
# Visual Studio Version 17
VisualStudioVersion = 17.4.33122.133
MinimumVisualStudioVersion = 10.0.40219.1
Project("{FAE04EC0-301F-11D3-BF4B-00C04F79EFBC}") = "TicTacToe", "TicTacToe\TicTacToe.csproj", "{9E1186D7-A155-4BF6-881B-591787DA8102}"
EndProject
Global
	GlobalSection(SolutionConfigurationPlatforms) = preSolution
		Debug|Any CPU = Debug|Any CPU
		Release|Any CPU = Release|Any CPU
	EndGlobalSection
	GlobalSection(ProjectConfigurationPlatforms) = postSolution
		{9E1186D7-A155-4BF6-881B-591787DA8102}.Debug|Any CPU.ActiveCfg = Debug|Any CPU
		{9E1186D7-A155-4BF6-881B-591787DA8102}.Debug|Any CPU.Build.0 = Debug|Any CPU
		{9E1186D7-A155-4BF6-881B-591787DA8102}.Release|Any CPU.ActiveCfg = Release|Any CPU
		{9E1186D7-A155-4BF6-881B-591787DA8102}.Release|Any CPU.Build.0 = Release|Any CPU
	EndGlobalSection
	GlobalSection(SolutionProperties) = preSolution
		HideSolutionNode = FALSE
	EndGlobalSection
	GlobalSection(ExtensibilityGlobals) = postSolution
		SolutionGuid = {6EC6E1E3-FA7A-4AB6-BFE5-411EC2DE114B}
	EndGlobalSection
EndGlobal
